// !$*UTF8*$!
{
	archiveVersion = 1;
	classes = {
	};
	objectVersion = 50;
	objects = {

/* Begin PBXBuildFile section */
		9B928621214A0EB100C7FAB9 /* AppDelegate.m in Sources */ = {isa = PBXBuildFile; fileRef = 9B928620214A0EB100C7FAB9 /* AppDelegate.m */; };
		9B928624214A0EB100C7FAB9 /* ViewController.m in Sources */ = {isa = PBXBuildFile; fileRef = 9B928623214A0EB100C7FAB9 /* ViewController.m */; };
		9B928627214A0EB100C7FAB9 /* Main.storyboard in Resources */ = {isa = PBXBuildFile; fileRef = 9B928625214A0EB100C7FAB9 /* Main.storyboard */; };
		9B928629214A0EB300C7FAB9 /* Assets.xcassets in Resources */ = {isa = PBXBuildFile; fileRef = 9B928628214A0EB300C7FAB9 /* Assets.xcassets */; };
		9B92862C214A0EB300C7FAB9 /* LaunchScreen.storyboard in Resources */ = {isa = PBXBuildFile; fileRef = 9B92862A214A0EB300C7FAB9 /* LaunchScreen.storyboard */; };
		9B92862F214A0EB300C7FAB9 /* main.m in Sources */ = {isa = PBXBuildFile; fileRef = 9B92862E214A0EB300C7FAB9 /* main.m */; };
		9B928637214A108A00C7FAB9 /* MapKit.framework in Frameworks */ = {isa = PBXBuildFile; fileRef = 9B928636214A108A00C7FAB9 /* MapKit.framework */; };
		9B928639214A109000C7FAB9 /* CoreLocation.framework in Frameworks */ = {isa = PBXBuildFile; fileRef = 9B928638214A109000C7FAB9 /* CoreLocation.framework */; };
/* End PBXBuildFile section */

/* Begin PBXFileReference section */
		9B92861C214A0EB100C7FAB9 /* SDK_Baidu_Map.app */ = {isa = PBXFileReference; explicitFileType = wrapper.application; includeInIndex = 0; path = SDK_Baidu_Map.app; sourceTree = BUILT_PRODUCTS_DIR; };
		9B92861F214A0EB100C7FAB9 /* AppDelegate.h */ = {isa = PBXFileReference; lastKnownFileType = sourcecode.c.h; path = AppDelegate.h; sourceTree = "<group>"; };
		9B928620214A0EB100C7FAB9 /* AppDelegate.m */ = {isa = PBXFileReference; lastKnownFileType = sourcecode.c.objc; path = AppDelegate.m; sourceTree = "<group>"; };
		9B928622214A0EB100C7FAB9 /* ViewController.h */ = {isa = PBXFileReference; lastKnownFileType = sourcecode.c.h; path = ViewController.h; sourceTree = "<group>"; };
		9B928623214A0EB100C7FAB9 /* ViewController.m */ = {isa = PBXFileReference; lastKnownFileType = sourcecode.c.objc; path = ViewController.m; sourceTree = "<group>"; };
		9B928626214A0EB100C7FAB9 /* Base */ = {isa = PBXFileReference; lastKnownFileType = file.storyboard; name = Base; path = Base.lproj/Main.storyboard; sourceTree = "<group>"; };
		9B928628214A0EB300C7FAB9 /* Assets.xcassets */ = {isa = PBXFileReference; lastKnownFileType = folder.assetcatalog; path = Assets.xcassets; sourceTree = "<group>"; };
		9B92862B214A0EB300C7FAB9 /* Base */ = {isa = PBXFileReference; lastKnownFileType = file.storyboard; name = Base; path = Base.lproj/LaunchScreen.storyboard; sourceTree = "<group>"; };
		9B92862D214A0EB300C7FAB9 /* Info.plist */ = {isa = PBXFileReference; lastKnownFileType = text.plist.xml; path = Info.plist; sourceTree = "<group>"; };
		9B92862E214A0EB300C7FAB9 /* main.m */ = {isa = PBXFileReference; lastKnownFileType = sourcecode.c.objc; path = main.m; sourceTree = "<group>"; };
		9B928636214A108A00C7FAB9 /* MapKit.framework */ = {isa = PBXFileReference; lastKnownFileType = wrapper.framework; name = MapKit.framework; path = System/Library/Frameworks/MapKit.framework; sourceTree = SDKROOT; };
		9B928638214A109000C7FAB9 /* CoreLocation.framework */ = {isa = PBXFileReference; lastKnownFileType = wrapper.framework; name = CoreLocation.framework; path = System/Library/Frameworks/CoreLocation.framework; sourceTree = SDKROOT; };
/* End PBXFileReference section */

/* Begin PBXFrameworksBuildPhase section */
		9B928619214A0EB100C7FAB9 /* Frameworks */ = {
			isa = PBXFrameworksBuildPhase;
			buildActionMask = 2147483647;
			files = (
				9B928639214A109000C7FAB9 /* CoreLocation.framework in Frameworks */,
				9B928637214A108A00C7FAB9 /* MapKit.framework in Frameworks */,
			);
			runOnlyForDeploymentPostprocessing = 0;
		};
/* End PBXFrameworksBuildPhase section */

/* Begin PBXGroup section */
		9B928613214A0EB100C7FAB9 = {
			isa = PBXGroup;
			children = (
				9B92861E214A0EB100C7FAB9 /* SDK_Baidu_Map */,
				9B92861D214A0EB100C7FAB9 /* Products */,
				9B928635214A108900C7FAB9 /* Frameworks */,
			);
			sourceTree = "<group>";
		};
		9B92861D214A0EB100C7FAB9 /* Products */ = {
			isa = PBXGroup;
			children = (
				9B92861C214A0EB100C7FAB9 /* SDK_Baidu_Map.app */,
			);
			name = Products;
			sourceTree = "<group>";
		};
		9B92861E214A0EB100C7FAB9 /* SDK_Baidu_Map */ = {
			isa = PBXGroup;
			children = (
				9B92861F214A0EB100C7FAB9 /* AppDelegate.h */,
				9B928620214A0EB100C7FAB9 /* AppDelegate.m */,
				9B928622214A0EB100C7FAB9 /* ViewController.h */,
				9B928623214A0EB100C7FAB9 /* ViewController.m */,
				9B928625214A0EB100C7FAB9 /* Main.storyboard */,
				9B928628214A0EB300C7FAB9 /* Assets.xcassets */,
				9B92862A214A0EB300C7FAB9 /* LaunchScreen.storyboard */,
				9B92862D214A0EB300C7FAB9 /* Info.plist */,
				9B92862E214A0EB300C7FAB9 /* main.m */,
			);
			path = SDK_Baidu_Map;
			sourceTree = "<group>";
		};
		9B928635214A108900C7FAB9 /* Frameworks */ = {
			isa = PBXGroup;
			children = (
				9B928638214A109000C7FAB9 /* CoreLocation.framework */,
				9B928636214A108A00C7FAB9 /* MapKit.framework */,
			);
			name = Frameworks;
			sourceTree = "<group>";
		};
/* End PBXGroup section */

/* Begin PBXNativeTarget section */
		9B92861B214A0EB100C7FAB9 /* SDK_Baidu_Map */ = {
			isa = PBXNativeTarget;
			buildConfigurationList = 9B928632214A0EB300C7FAB9 /* Build configuration list for PBXNativeTarget "SDK_Baidu_Map" */;
			buildPhases = (
				9B928618214A0EB100C7FAB9 /* Sources */,
				9B928619214A0EB100C7FAB9 /* Frameworks */,
				9B92861A214A0EB100C7FAB9 /* Resources */,
			);
			buildRules = (
			);
			dependencies = (
			);
			name = SDK_Baidu_Map;
			productName = SDK_Baidu_Map;
			productReference = 9B92861C214A0EB100C7FAB9 /* SDK_Baidu_Map.app */;
			productType = "com.apple.product-type.application";
		};
/* End PBXNativeTarget section */

/* Begin PBXProject section */
		9B928614214A0EB100C7FAB9 /* Project object */ = {
			isa = PBXProject;
			attributes = {
				LastUpgradeCheck = 0940;
				ORGANIZATIONNAME = lee;
				TargetAttributes = {
					9B92861B214A0EB100C7FAB9 = {
						CreatedOnToolsVersion = 9.4.1;
					};
				};
			};
			buildConfigurationList = 9B928617214A0EB100C7FAB9 /* Build configuration list for PBXProject "SDK_Baidu_Map" */;
			compatibilityVersion = "Xcode 9.3";
			developmentRegion = en;
			hasScannedForEncodings = 0;
			knownRegions = (
				en,
				Base,
			);
			mainGroup = 9B928613214A0EB100C7FAB9;
			productRefGroup = 9B92861D214A0EB100C7FAB9 /* Products */;
			projectDirPath = "";
			projectRoot = "";
			targets = (
				9B92861B214A0EB100C7FAB9 /* SDK_Baidu_Map */,
			);
		};
/* End PBXProject section */

/* Begin PBXResourcesBuildPhase section */
		9B92861A214A0EB100C7FAB9 /* Resources */ = {
			isa = PBXResourcesBuildPhase;
			buildActionMask = 2147483647;
			files = (
				9B92862C214A0EB300C7FAB9 /* LaunchScreen.storyboard in Resources */,
				9B928629214A0EB300C7FAB9 /* Assets.xcassets in Resources */,
				9B928627214A0EB100C7FAB9 /* Main.storyboard in Resources */,
			);
			runOnlyForDeploymentPostprocessing = 0;
		};
/* End PBXResourcesBuildPhase section */

/* Begin PBXSourcesBuildPhase section */
		9B928618214A0EB100C7FAB9 /* Sources */ = {
			isa = PBXSourcesBuildPhase;
			buildActionMask = 2147483647;
			files = (
				9B928624214A0EB100C7FAB9 /* ViewController.m in Sources */,
				9B92862F214A0EB300C7FAB9 /* main.m in Sources */,
				9B928621214A0EB100C7FAB9 /* AppDelegate.m in Sources */,
			);
			runOnlyForDeploymentPostprocessing = 0;
		};
/* End PBXSourcesBuildPhase section */

/* Begin PBXVariantGroup section */
		9B928625214A0EB100C7FAB9 /* Main.storyboard */ = {
			isa = PBXVariantGroup;
			children = (
				9B928626214A0EB100C7FAB9 /* Base */,
			);
			name = Main.storyboard;
			sourceTree = "<group>";
		};
		9B92862A214A0EB300C7FAB9 /* LaunchScreen.storyboard */ = {
			isa = PBXVariantGroup;
			children = (
				9B92862B214A0EB300C7FAB9 /* Base */,
			);
			name = LaunchScreen.storyboard;
			sourceTree = "<group>";
		};
/* End PBXVariantGroup section */

/* Begin XCBuildConfiguration section */
		9B928630214A0EB300C7FAB9 /* Debug */ = {
			isa = XCBuildConfiguration;
			buildSettings = {
				ALWAYS_SEARCH_USER_PATHS = NO;
				CLANG_ANALYZER_NONNULL = YES;
				CLANG_ANALYZER_NUMBER_OBJECT_CONVERSION = YES_AGGRESSIVE;
				CLANG_CXX_LANGUAGE_STANDARD = "gnu++14";
				CLANG_CXX_LIBRARY = "libc++";
				CLANG_ENABLE_MODULES = YES;
				CLANG_ENABLE_OBJC_ARC = YES;
				CLANG_ENABLE_OBJC_WEAK = YES;
				CLANG_WARN_BLOCK_CAPTURE_AUTORELEASING = YES;
				CLANG_WARN_BOOL_CONVERSION = YES;
				CLANG_WARN_COMMA = YES;
				CLANG_WARN_CONSTANT_CONVERSION = YES;
				CLANG_WARN_DEPRECATED_OBJC_IMPLEMENTATIONS = YES;
				CLANG_WARN_DIRECT_OBJC_ISA_USAGE = YES_ERROR;
				CLANG_WARN_DOCUMENTATION_COMMENTS = YES;
				CLANG_WARN_EMPTY_BODY = YES;
				CLANG_WARN_ENUM_CONVERSION = YES;
				CLANG_WARN_INFINITE_RECURSION = YES;
				CLANG_WARN_INT_CONVERSION = YES;
				CLANG_WARN_NON_LITERAL_NULL_CONVERSION = YES;
				CLANG_WARN_OBJC_IMPLICIT_RETAIN_SELF = YES;
				CLANG_WARN_OBJC_LITERAL_CONVERSION = YES;
				CLANG_WARN_OBJC_ROOT_CLASS = YES_ERROR;
				CLANG_WARN_RANGE_LOOP_ANALYSIS = YES;
				CLANG_WARN_STRICT_PROTOTYPES = YES;
				CLANG_WARN_SUSPICIOUS_MOVE = YES;
				CLANG_WARN_UNGUARDED_AVAILABILITY = YES_AGGRESSIVE;
				CLANG_WARN_UNREACHABLE_CODE = YES;
				CLANG_WARN__DUPLICATE_METHOD_MATCH = YES;
				CODE_SIGN_IDENTITY = "iPhone Developer";
				COPY_PHASE_STRIP = NO;
				DEBUG_INFORMATION_FORMAT = dwarf;
				ENABLE_STRICT_OBJC_MSGSEND = YES;
				ENABLE_TESTABILITY = YES;
				GCC_C_LANGUAGE_STANDARD = gnu11;
				GCC_DYNAMIC_NO_PIC = NO;
				GCC_NO_COMMON_BLOCKS = YES;
				GCC_OPTIMIZATION_LEVEL = 0;
				GCC_PREPROCESSOR_DEFINITIONS = (
					"DEBUG=1",
					"$(inherited)",
				);
				GCC_WARN_64_TO_32_BIT_CONVERSION = YES;
				GCC_WARN_ABOUT_RETURN_TYPE = YES_ERROR;
				GCC_WARN_UNDECLARED_SELECTOR = YES;
				GCC_WARN_UNINITIALIZED_AUTOS = YES_AGGRESSIVE;
				GCC_WARN_UNUSED_FUNCTION = YES;
				GCC_WARN_UNUSED_VARIABLE = YES;
				IPHONEOS_DEPLOYMENT_TARGET = 11.4;
				MTL_ENABLE_DEBUG_INFO = YES;
				ONLY_ACTIVE_ARCH = YES;
				SDKROOT = iphoneos;
			};
			name = Debug;
		};
		9B928631214A0EB300C7FAB9 /* Release */ = {
			isa = XCBuildConfiguration;
			buildSettings = {
				ALWAYS_SEARCH_USER_PATHS = NO;
				CLANG_ANALYZER_NONNULL = YES;
				CLANG_ANALYZER_NUMBER_OBJECT_CONVERSION = YES_AGGRESSIVE;
				CLANG_CXX_LANGUAGE_STANDARD = "gnu++14";
				CLANG_CXX_LIBRARY = "libc++";
				CLANG_ENABLE_MODULES = YES;
				CLANG_ENABLE_OBJC_ARC = YES;
				CLANG_ENABLE_OBJC_WEAK = YES;
				CLANG_WARN_BLOCK_CAPTURE_AUTORELEASING = YES;
				CLANG_WARN_BOOL_CONVERSION = YES;
				CLANG_WARN_COMMA = YES;
				CLANG_WARN_CONSTANT_CONVERSION = YES;
				CLANG_WARN_DEPRECATED_OBJC_IMPLEMENTATIONS = YES;
				CLANG_WARN_DIRECT_OBJC_ISA_USAGE = YES_ERROR;
				CLANG_WARN_DOCUMENTATION_COMMENTS = YES;
				CLANG_WARN_EMPTY_BODY = YES;
				CLANG_WARN_ENUM_CONVERSION = YES;
				CLANG_WARN_INFINITE_RECURSION = YES;
				CLANG_WARN_INT_CONVERSION = YES;
				CLANG_WARN_NON_LITERAL_NULL_CONVERSION = YES;
				CLANG_WARN_OBJC_IMPLICIT_RETAIN_SELF = YES;
				CLANG_WARN_OBJC_LITERAL_CONVERSION = YES;
				CLANG_WARN_OBJC_ROOT_CLASS = YES_ERROR;
				CLANG_WARN_RANGE_LOOP_ANALYSIS = YES;
				CLANG_WARN_STRICT_PROTOTYPES = YES;
				CLANG_WARN_SUSPICIOUS_MOVE = YES;
				CLANG_WARN_UNGUARDED_AVAILABILITY = YES_AGGRESSIVE;
				CLANG_WARN_UNREACHABLE_CODE = YES;
				CLANG_WARN__DUPLICATE_METHOD_MATCH = YES;
				CODE_SIGN_IDENTITY = "iPhone Developer";
				COPY_PHASE_STRIP = NO;
				DEBUG_INFORMATION_FORMAT = "dwarf-with-dsym";
				ENABLE_NS_ASSERTIONS = NO;
				ENABLE_STRICT_OBJC_MSGSEND = YES;
				GCC_C_LANGUAGE_STANDARD = gnu11;
				GCC_NO_COMMON_BLOCKS = YES;
				GCC_WARN_64_TO_32_BIT_CONVERSION = YES;
				GCC_WARN_ABOUT_RETURN_TYPE = YES_ERROR;
				GCC_WARN_UNDECLARED_SELECTOR = YES;
				GCC_WARN_UNINITIALIZED_AUTOS = YES_AGGRESSIVE;
				GCC_WARN_UNUSED_FUNCTION = YES;
				GCC_WARN_UNUSED_VARIABLE = YES;
				IPHONEOS_DEPLOYMENT_TARGET = 11.4;
				MTL_ENABLE_DEBUG_INFO = NO;
				SDKROOT = iphoneos;
				VALIDATE_PRODUCT = YES;
			};
			name = Release;
		};
		9B928633214A0EB300C7FAB9 /* Debug */ = {
			isa = XCBuildConfiguration;
			buildSettings = {
				ASSETCATALOG_COMPILER_APPICON_NAME = AppIcon;
				CODE_SIGN_STYLE = Automatic;
				DEVELOPMENT_TEAM = 3FR6C5N825;
				INFOPLIST_FILE = SDK_Baidu_Map/Info.plist;
				IPHONEOS_DEPLOYMENT_TARGET = 11.0;
				LD_RUNPATH_SEARCH_PATHS = (
					"$(inherited)",
					"@executable_path/Frameworks",
				);
				PRODUCT_BUNDLE_IDENTIFIER = com.lyh.demo;
				PRODUCT_NAME = "$(TARGET_NAME)";
				TARGETED_DEVICE_FAMILY = "1,2";
			};
			name = Debug;
		};
		9B928634214A0EB300C7FAB9 /* Release */ = {
			isa = XCBuildConfiguration;
			buildSettings = {
				ASSETCATALOG_COMPILER_APPICON_NAME = AppIcon;
				CODE_SIGN_STYLE = Automatic;
				DEVELOPMENT_TEAM = 3FR6C5N825;
				INFOPLIST_FILE = SDK_Baidu_Map/Info.plist;
				IPHONEOS_DEPLOYMENT_TARGET = 11.0;
				LD_RUNPATH_SEARCH_PATHS = (
					"$(inherited)",
					"@executable_path/Frameworks",
				);
				PRODUCT_BUNDLE_IDENTIFIER = com.lyh.demo;
				PRODUCT_NAME = "$(TARGET_NAME)";
				TARGETED_DEVICE_FAMILY = "1,2";
			};
			name = Release;
		};
/* End XCBuildConfiguration section */

/* Begin XCConfigurationList section */
		9B928617214A0EB100C7FAB9 /* Build configuration list for PBXProject "SDK_Baidu_Map" */ = {
			isa = XCConfigurationList;
			buildConfigurations = (
				9B928630214A0EB300C7FAB9 /* Debug */,
				9B928631214A0EB300C7FAB9 /* Release */,
			);
			defaultConfigurationIsVisible = 0;
			defaultConfigurationName = Release;
		};
		9B928632214A0EB300C7FAB9 /* Build configuration list for PBXNativeTarget "SDK_Baidu_Map" */ = {
			isa = XCConfigurationList;
			buildConfigurations = (
				9B928633214A0EB300C7FAB9 /* Debug */,
				9B928634214A0EB300C7FAB9 /* Release */,
			);
			defaultConfigurationIsVisible = 0;
			defaultConfigurationName = Release;
		};
/* End XCConfigurationList section */
	};
	rootObject = 9B928614214A0EB100C7FAB9 /* Project object */;
}
